
Microsoft Visual Studio Solution File, Format Version 12.00
# Visual Studio Version 16
VisualStudioVersion = 16.0.29709.97
MinimumVisualStudioVersion = 10.0.40219.1
Project("{FAE04EC0-301F-11D3-BF4B-00C04F79EFBC}") = "WpfMVVMChart", "WpfMVVMChart\WpfMVVMChart.csproj", "{044C11FD-773C-46ED-B957-79C16719F82C}"
EndProject
Global
	GlobalSection(SolutionConfigurationPlatforms) = preSolution
		Debug|Any CPU = Debug|Any CPU
		Release|Any CPU = Release|Any CPU
	EndGlobalSection
	GlobalSection(ProjectConfigurationPlatforms) = postSolution
		{044C11FD-773C-46ED-B957-79C16719F82C}.Debug|Any CPU.ActiveCfg = Debug|Any CPU
		{044C11FD-773C-46ED-B957-79C16719F82C}.Debug|Any CPU.Build.0 = Debug|Any CPU
		{044C11FD-773C-46ED-B957-79C16719F82C}.Release|Any CPU.ActiveCfg = Release|Any CPU
		{044C11FD-773C-46ED-B957-79C16719F82C}.Release|Any CPU.Build.0 = Release|Any CPU
	EndGlobalSection
	GlobalSection(SolutionProperties) = preSolution
		HideSolutionNode = FALSE
	EndGlobalSection
	GlobalSection(ExtensibilityGlobals) = postSolution
		SolutionGuid = {F5753509-673C-4043-B4A6-60C6058B2B2A}
	EndGlobalSection
EndGlobal
